
Microsoft Visual Studio Solution File, Format Version 12.00
# Visual Studio Version 16
VisualStudioVersion = 16.0.30225.117
MinimumVisualStudioVersion = 10.0.40219.1
Project("{9A19103F-16F7-4668-BE54-9A1E7A4F7556}") = "DirectNodeTableManagerToolDll", "DirectNodeTableManagerToolDll.csproj", "{C57F05EE-6410-4953-B444-FC2D10591AD5}"
EndProject
Global
	GlobalSection(SolutionConfigurationPlatforms) = preSolution
		Debug|Any CPU = Debug|Any CPU
		Release|Any CPU = Release|Any CPU
	EndGlobalSection
	GlobalSection(ProjectConfigurationPlatforms) = postSolution
		{C57F05EE-6410-4953-B444-FC2D10591AD5}.Debug|Any CPU.ActiveCfg = Debug|Any CPU
		{C57F05EE-6410-4953-B444-FC2D10591AD5}.Debug|Any CPU.Build.0 = Debug|Any CPU
		{C57F05EE-6410-4953-B444-FC2D10591AD5}.Release|Any CPU.ActiveCfg = Release|Any CPU
		{C57F05EE-6410-4953-B444-FC2D10591AD5}.Release|Any CPU.Build.0 = Release|Any CPU
	EndGlobalSection
	GlobalSection(SolutionProperties) = preSolution
		HideSolutionNode = FALSE
	EndGlobalSection
	GlobalSection(ExtensibilityGlobals) = postSolution
		SolutionGuid = {7D311604-9E90-40C3-8A7B-D22DE9FAEA3A}
	EndGlobalSection
EndGlobal
